
Microsoft Visual Studio Solution File, Format Version 12.00
# Visual Studio Version 16
VisualStudioVersion = 16.0.29728.190
MinimumVisualStudioVersion = 10.0.40219.1
Project("{FAE04EC0-301F-11D3-BF4B-00C04F79EFBC}") = "GoogleAuthenticatorDemo", "GoogleAuthenticatorDemo\GoogleAuthenticatorDemo.csproj", "{5E6DB51E-60D4-4C68-93F6-50B440286D0E}"
EndProject
Global
	GlobalSection(SolutionConfigurationPlatforms) = preSolution
		Debug|Any CPU = Debug|Any CPU
		Release|Any CPU = Release|Any CPU
	EndGlobalSection
	GlobalSection(ProjectConfigurationPlatforms) = postSolution
		{5E6DB51E-60D4-4C68-93F6-50B440286D0E}.Debug|Any CPU.ActiveCfg = Debug|Any CPU
		{5E6DB51E-60D4-4C68-93F6-50B440286D0E}.Debug|Any CPU.Build.0 = Debug|Any CPU
		{5E6DB51E-60D4-4C68-93F6-50B440286D0E}.Release|Any CPU.ActiveCfg = Release|Any CPU
		{5E6DB51E-60D4-4C68-93F6-50B440286D0E}.Release|Any CPU.Build.0 = Release|Any CPU
	EndGlobalSection
	GlobalSection(SolutionProperties) = preSolution
		HideSolutionNode = FALSE
	EndGlobalSection
	GlobalSection(ExtensibilityGlobals) = postSolution
		SolutionGuid = {3281A5A2-E629-4CEC-82E6-C9DB9C5D7B72}
	EndGlobalSection
EndGlobal
